// !$*UTF8*$!
{
	archiveVersion = 1;
	classes = {
	};
	objectVersion = 46;
	objects = {

/* Begin PBXBuildFile section */
		258664921B6F435600BA1CE9 /* AppDelegate.swift in Sources */ = {isa = PBXBuildFile; fileRef = 258664911B6F435600BA1CE9 /* AppDelegate.swift */; };
		258664971B6F435600BA1CE9 /* Main.storyboard in Resources */ = {isa = PBXBuildFile; fileRef = 258664951B6F435600BA1CE9 /* Main.storyboard */; };
		258664991B6F435600BA1CE9 /* Images.xcassets in Resources */ = {isa = PBXBuildFile; fileRef = 258664981B6F435600BA1CE9 /* Images.xcassets */; };
		2586649C1B6F435600BA1CE9 /* LaunchScreen.xib in Resources */ = {isa = PBXBuildFile; fileRef = 2586649A1B6F435600BA1CE9 /* LaunchScreen.xib */; };
		258664A81B6F435600BA1CE9 /* DynamicTableRowsTests.swift in Sources */ = {isa = PBXBuildFile; fileRef = 258664A71B6F435600BA1CE9 /* DynamicTableRowsTests.swift */; };
		258664B41B6F449200BA1CE9 /* DynamicTableViewController.swift in Sources */ = {isa = PBXBuildFile; fileRef = 258664B31B6F449200BA1CE9 /* DynamicTableViewController.swift */; };
		258664B61B6F47CE00BA1CE9 /* DynamicTableViewCell.swift in Sources */ = {isa = PBXBuildFile; fileRef = 258664B51B6F47CE00BA1CE9 /* DynamicTableViewCell.swift */; };
/* End PBXBuildFile section */

/* Begin PBXContainerItemProxy section */
		258664A21B6F435600BA1CE9 /* PBXContainerItemProxy */ = {
			isa = PBXContainerItemProxy;
			containerPortal = 258664841B6F435600BA1CE9 /* Project object */;
			proxyType = 1;
			remoteGlobalIDString = 2586648B1B6F435600BA1CE9;
			remoteInfo = DynamicTableRows;
		};
/* End PBXContainerItemProxy section */

/* Begin PBXFileReference section */
		2586648C1B6F435600BA1CE9 /* DynamicTableRows.app */ = {isa = PBXFileReference; explicitFileType = wrapper.application; includeInIndex = 0; path = DynamicTableRows.app; sourceTree = BUILT_PRODUCTS_DIR; };
		258664901B6F435600BA1CE9 /* Info.plist */ = {isa = PBXFileReference; lastKnownFileType = text.plist.xml; path = Info.plist; sourceTree = "<group>"; };
		258664911B6F435600BA1CE9 /* AppDelegate.swift */ = {isa = PBXFileReference; lastKnownFileType = sourcecode.swift; path = AppDelegate.swift; sourceTree = "<group>"; };
		258664961B6F435600BA1CE9 /* Base */ = {isa = PBXFileReference; lastKnownFileType = file.storyboard; name = Base; path = Base.lproj/Main.storyboard; sourceTree = "<group>"; };
		258664981B6F435600BA1CE9 /* Images.xcassets */ = {isa = PBXFileReference; lastKnownFileType = folder.assetcatalog; path = Images.xcassets; sourceTree = "<group>"; };
		2586649B1B6F435600BA1CE9 /* Base */ = {isa = PBXFileReference; lastKnownFileType = file.xib; name = Base; path = Base.lproj/LaunchScreen.xib; sourceTree = "<group>"; };
		258664A11B6F435600BA1CE9 /* DynamicTableRowsTests.xctest */ = {isa = PBXFileReference; explicitFileType = wrapper.cfbundle; includeInIndex = 0; path = DynamicTableRowsTests.xctest; sourceTree = BUILT_PRODUCTS_DIR; };
		258664A61B6F435600BA1CE9 /* Info.plist */ = {isa = PBXFileReference; lastKnownFileType = text.plist.xml; path = Info.plist; sourceTree = "<group>"; };
		258664A71B6F435600BA1CE9 /* DynamicTableRowsTests.swift */ = {isa = PBXFileReference; lastKnownFileType = sourcecode.swift; path = DynamicTableRowsTests.swift; sourceTree = "<group>"; };
		258664B31B6F449200BA1CE9 /* DynamicTableViewController.swift */ = {isa = PBXFileReference; fileEncoding = 4; lastKnownFileType = sourcecode.swift; path = DynamicTableViewController.swift; sourceTree = "<group>"; };
		258664B51B6F47CE00BA1CE9 /* DynamicTableViewCell.swift */ = {isa = PBXFileReference; fileEncoding = 4; lastKnownFileType = sourcecode.swift; path = DynamicTableViewCell.swift; sourceTree = "<group>"; };
/* End PBXFileReference section */

/* Begin PBXFrameworksBuildPhase section */
		258664891B6F435600BA1CE9 /* Frameworks */ = {
			isa = PBXFrameworksBuildPhase;
			buildActionMask = 2147483647;
			files = (
			);
			runOnlyForDeploymentPostprocessing = 0;
		};
		2586649E1B6F435600BA1CE9 /* Frameworks */ = {
			isa = PBXFrameworksBuildPhase;
			buildActionMask = 2147483647;
			files = (
			);
			runOnlyForDeploymentPostprocessing = 0;
		};
/* End PBXFrameworksBuildPhase section */

/* Begin PBXGroup section */
		258664831B6F435600BA1CE9 = {
			isa = PBXGroup;
			children = (
				2586648E1B6F435600BA1CE9 /* DynamicTableRows */,
				258664A41B6F435600BA1CE9 /* DynamicTableRowsTests */,
				2586648D1B6F435600BA1CE9 /* Products */,
			);
			sourceTree = "<group>";
		};
		2586648D1B6F435600BA1CE9 /* Products */ = {
			isa = PBXGroup;
			children = (
				2586648C1B6F435600BA1CE9 /* DynamicTableRows.app */,
				258664A11B6F435600BA1CE9 /* DynamicTableRowsTests.xctest */,
			);
			name = Products;
			sourceTree = "<group>";
		};
		2586648E1B6F435600BA1CE9 /* DynamicTableRows */ = {
			isa = PBXGroup;
			children = (
				258664911B6F435600BA1CE9 /* AppDelegate.swift */,
				258664951B6F435600BA1CE9 /* Main.storyboard */,
				258664B31B6F449200BA1CE9 /* DynamicTableViewController.swift */,
				258664B51B6F47CE00BA1CE9 /* DynamicTableViewCell.swift */,
				258664981B6F435600BA1CE9 /* Images.xcassets */,
				2586649A1B6F435600BA1CE9 /* LaunchScreen.xib */,
				2586648F1B6F435600BA1CE9 /* Supporting Files */,
			);
			path = DynamicTableRows;
			sourceTree = "<group>";
		};
		2586648F1B6F435600BA1CE9 /* Supporting Files */ = {
			isa = PBXGroup;
			children = (
				258664901B6F435600BA1CE9 /* Info.plist */,
			);
			name = "Supporting Files";
			sourceTree = "<group>";
		};
		258664A41B6F435600BA1CE9 /* DynamicTableRowsTests */ = {
			isa = PBXGroup;
			children = (
				258664A71B6F435600BA1CE9 /* DynamicTableRowsTests.swift */,
				258664A51B6F435600BA1CE9 /* Supporting Files */,
			);
			path = DynamicTableRowsTests;
			sourceTree = "<group>";
		};
		258664A51B6F435600BA1CE9 /* Supporting Files */ = {
			isa = PBXGroup;
			children = (
				258664A61B6F435600BA1CE9 /* Info.plist */,
			);
			name = "Supporting Files";
			sourceTree = "<group>";
		};
/* End PBXGroup section */

/* Begin PBXNativeTarget section */
		2586648B1B6F435600BA1CE9 /* DynamicTableRows */ = {
			isa = PBXNativeTarget;
			buildConfigurationList = 258664AB1B6F435600BA1CE9 /* Build configuration list for PBXNativeTarget "DynamicTableRows" */;
			buildPhases = (
				258664881B6F435600BA1CE9 /* Sources */,
				258664891B6F435600BA1CE9 /* Frameworks */,
				2586648A1B6F435600BA1CE9 /* Resources */,
			);
			buildRules = (
			);
			dependencies = (
			);
			name = DynamicTableRows;
			productName = DynamicTableRows;
			productReference = 2586648C1B6F435600BA1CE9 /* DynamicTableRows.app */;
			productType = "com.apple.product-type.application";
		};
		258664A01B6F435600BA1CE9 /* DynamicTableRowsTests */ = {
			isa = PBXNativeTarget;
			buildConfigurationList = 258664AE1B6F435600BA1CE9 /* Build configuration list for PBXNativeTarget "DynamicTableRowsTests" */;
			buildPhases = (
				2586649D1B6F435600BA1CE9 /* Sources */,
				2586649E1B6F435600BA1CE9 /* Frameworks */,
				2586649F1B6F435600BA1CE9 /* Resources */,
			);
			buildRules = (
			);
			dependencies = (
				258664A31B6F435600BA1CE9 /* PBXTargetDependency */,
			);
			name = DynamicTableRowsTests;
			productName = DynamicTableRowsTests;
			productReference = 258664A11B6F435600BA1CE9 /* DynamicTableRowsTests.xctest */;
			productType = "com.apple.product-type.bundle.unit-test";
		};
/* End PBXNativeTarget section */

/* Begin PBXProject section */
		258664841B6F435600BA1CE9 /* Project object */ = {
			isa = PBXProject;
			attributes = {
				LastSwiftUpdateCheck = 0730;
				LastUpgradeCheck = 0640;
				ORGANIZATIONNAME = "Candy Code";
				TargetAttributes = {
					2586648B1B6F435600BA1CE9 = {
						CreatedOnToolsVersion = 6.4;
					};
					258664A01B6F435600BA1CE9 = {
						CreatedOnToolsVersion = 6.4;
						TestTargetID = 2586648B1B6F435600BA1CE9;
					};
				};
			};
			buildConfigurationList = 258664871B6F435600BA1CE9 /* Build configuration list for PBXProject "DynamicTableRows" */;
			compatibilityVersion = "Xcode 3.2";
			developmentRegion = English;
			hasScannedForEncodings = 0;
			knownRegions = (
				en,
				Base,
			);
			mainGroup = 258664831B6F435600BA1CE9;
			productRefGroup = 2586648D1B6F435600BA1CE9 /* Products */;
			projectDirPath = "";
			projectRoot = "";
			targets = (
				2586648B1B6F435600BA1CE9 /* DynamicTableRows */,
				258664A01B6F435600BA1CE9 /* DynamicTableRowsTests */,
			);
		};
/* End PBXProject section */

/* Begin PBXResourcesBuildPhase section */
		2586648A1B6F435600BA1CE9 /* Resources */ = {
			isa = PBXResourcesBuildPhase;
			buildActionMask = 2147483647;
			files = (
				258664971B6F435600BA1CE9 /* Main.storyboard in Resources */,
				2586649C1B6F435600BA1CE9 /* LaunchScreen.xib in Resources */,
				258664991B6F435600BA1CE9 /* Images.xcassets in Resources */,
			);
			runOnlyForDeploymentPostprocessing = 0;
		};
		2586649F1B6F435600BA1CE9 /* Resources */ = {
			isa = PBXResourcesBuildPhase;
			buildActionMask = 2147483647;
			files = (
			);
			runOnlyForDeploymentPostprocessing = 0;
		};
/* End PBXResourcesBuildPhase section */

/* Begin PBXSourcesBuildPhase section */
		258664881B6F435600BA1CE9 /* Sources */ = {
			isa = PBXSourcesBuildPhase;
			buildActionMask = 2147483647;
			files = (
				258664B61B6F47CE00BA1CE9 /* DynamicTableViewCell.swift in Sources */,
				258664B41B6F449200BA1CE9 /* DynamicTableViewController.swift in Sources */,
				258664921B6F435600BA1CE9 /* AppDelegate.swift in Sources */,
			);
			runOnlyForDeploymentPostprocessing = 0;
		};
		2586649D1B6F435600BA1CE9 /* Sources */ = {
			isa = PBXSourcesBuildPhase;
			buildActionMask = 2147483647;
			files = (
				258664A81B6F435600BA1CE9 /* DynamicTableRowsTests.swift in Sources */,
			);
			runOnlyForDeploymentPostprocessing = 0;
		};
/* End PBXSourcesBuildPhase section */

/* Begin PBXTargetDependency section */
		258664A31B6F435600BA1CE9 /* PBXTargetDependency */ = {
			isa = PBXTargetDependency;
			target = 2586648B1B6F435600BA1CE9 /* DynamicTableRows */;
			targetProxy = 258664A21B6F435600BA1CE9 /* PBXContainerItemProxy */;
		};
/* End PBXTargetDependency section */

/* Begin PBXVariantGroup section */
		258664951B6F435600BA1CE9 /* Main.storyboard */ = {
			isa = PBXVariantGroup;
			children = (
				258664961B6F435600BA1CE9 /* Base */,
			);
			name = Main.storyboard;
			sourceTree = "<group>";
		};
		2586649A1B6F435600BA1CE9 /* LaunchScreen.xib */ = {
			isa = PBXVariantGroup;
			children = (
				2586649B1B6F435600BA1CE9 /* Base */,
			);
			name = LaunchScreen.xib;
			sourceTree = "<group>";
		};
/* End PBXVariantGroup section */

/* Begin XCBuildConfiguration section */
		258664A91B6F435600BA1CE9 /* Debug */ = {
			isa = XCBuildConfiguration;
			buildSettings = {
				ALWAYS_SEARCH_USER_PATHS = NO;
				CLANG_CXX_LANGUAGE_STANDARD = "gnu++0x";
				CLANG_CXX_LIBRARY = "libc++";
				CLANG_ENABLE_MODULES = YES;
				CLANG_ENABLE_OBJC_ARC = YES;
				CLANG_WARN_BOOL_CONVERSION = YES;
				CLANG_WARN_CONSTANT_CONVERSION = YES;
				CLANG_WARN_DIRECT_OBJC_ISA_USAGE = YES_ERROR;
				CLANG_WARN_EMPTY_BODY = YES;
				CLANG_WARN_ENUM_CONVERSION = YES;
				CLANG_WARN_INT_CONVERSION = YES;
				CLANG_WARN_OBJC_ROOT_CLASS = YES_ERROR;
				CLANG_WARN_UNREACHABLE_CODE = YES;
				CLANG_WARN__DUPLICATE_METHOD_MATCH = YES;
				"CODE_SIGN_IDENTITY[sdk=iphoneos*]" = "iPhone Developer";
				COPY_PHASE_STRIP = NO;
				DEBUG_INFORMATION_FORMAT = "dwarf-with-dsym";
				ENABLE_STRICT_OBJC_MSGSEND = YES;
				GCC_C_LANGUAGE_STANDARD = gnu99;
				GCC_DYNAMIC_NO_PIC = NO;
				GCC_NO_COMMON_BLOCKS = YES;
				GCC_OPTIMIZATION_LEVEL = 0;
				GCC_PREPROCESSOR_DEFINITIONS = (
					"DEBUG=1",
					"$(inherited)",
				);
				GCC_SYMBOLS_PRIVATE_EXTERN = NO;
				GCC_WARN_64_TO_32_BIT_CONVERSION = YES;
				GCC_WARN_ABOUT_RETURN_TYPE = YES_ERROR;
				GCC_WARN_UNDECLARED_SELECTOR = YES;
				GCC_WARN_UNINITIALIZED_AUTOS = YES_AGGRESSIVE;
				GCC_WARN_UNUSED_FUNCTION = YES;
				GCC_WARN_UNUSED_VARIABLE = YES;
				IPHONEOS_DEPLOYMENT_TARGET = 8.4;
				MTL_ENABLE_DEBUG_INFO = YES;
				ONLY_ACTIVE_ARCH = YES;
				SDKROOT = iphoneos;
				SWIFT_OPTIMIZATION_LEVEL = "-Onone";
				TARGETED_DEVICE_FAMILY = "1,2";
			};
			name = Debug;
		};
		258664AA1B6F435600BA1CE9 /* Release */ = {
			isa = XCBuildConfiguration;
			buildSettings = {
				ALWAYS_SEARCH_USER_PATHS = NO;
				CLANG_CXX_LANGUAGE_STANDARD = "gnu++0x";
				CLANG_CXX_LIBRARY = "libc++";
				CLANG_ENABLE_MODULES = YES;
				CLANG_ENABLE_OBJC_ARC = YES;
				CLANG_WARN_BOOL_CONVERSION = YES;
				CLANG_WARN_CONSTANT_CONVERSION = YES;
				CLANG_WARN_DIRECT_OBJC_ISA_USAGE = YES_ERROR;
				CLANG_WARN_EMPTY_BODY = YES;
				CLANG_WARN_ENUM_CONVERSION = YES;
				CLANG_WARN_INT_CONVERSION = YES;
				CLANG_WARN_OBJC_ROOT_CLASS = YES_ERROR;
				CLANG_WARN_UNREACHABLE_CODE = YES;
				CLANG_WARN__DUPLICATE_METHOD_MATCH = YES;
				"CODE_SIGN_IDENTITY[sdk=iphoneos*]" = "iPhone Developer";
				COPY_PHASE_STRIP = NO;
				DEBUG_INFORMATION_FORMAT = "dwarf-with-dsym";
				ENABLE_NS_ASSERTIONS = NO;
				ENABLE_STRICT_OBJC_MSGSEND = YES;
				GCC_C_LANGUAGE_STANDARD = gnu99;
				GCC_NO_COMMON_BLOCKS = YES;
				GCC_WARN_64_TO_32_BIT_CONVERSION = YES;
				GCC_WARN_ABOUT_RETURN_TYPE = YES_ERROR;
				GCC_WARN_UNDECLARED_SELECTOR = YES;
				GCC_WARN_UNINITIALIZED_AUTOS = YES_AGGRESSIVE;
				GCC_WARN_UNUSED_FUNCTION = YES;
				GCC_WARN_UNUSED_VARIABLE = YES;
				IPHONEOS_DEPLOYMENT_TARGET = 8.4;
				MTL_ENABLE_DEBUG_INFO = NO;
				SDKROOT = iphoneos;
				TARGETED_DEVICE_FAMILY = "1,2";
				VALIDATE_PRODUCT = YES;
			};
			name = Release;
		};
		258664AC1B6F435600BA1CE9 /* Debug */ = {
			isa = XCBuildConfiguration;
			buildSettings = {
				ASSETCATALOG_COMPILER_APPICON_NAME = AppIcon;
				INFOPLIST_FILE = DynamicTableRows/Info.plist;
				LD_RUNPATH_SEARCH_PATHS = "$(inherited) @executable_path/Frameworks";
				PRODUCT_NAME = "$(TARGET_NAME)";
			};
			name = Debug;
		};
		258664AD1B6F435600BA1CE9 /* Release */ = {
			isa = XCBuildConfiguration;
			buildSettings = {
				ASSETCATALOG_COMPILER_APPICON_NAME = AppIcon;
				INFOPLIST_FILE = DynamicTableRows/Info.plist;
				LD_RUNPATH_SEARCH_PATHS = "$(inherited) @executable_path/Frameworks";
				PRODUCT_NAME = "$(TARGET_NAME)";
			};
			name = Release;
		};
		258664AF1B6F435600BA1CE9 /* Debug */ = {
			isa = XCBuildConfiguration;
			buildSettings = {
				BUNDLE_LOADER = "$(TEST_HOST)";
				FRAMEWORK_SEARCH_PATHS = (
					"$(SDKROOT)/Developer/Library/Frameworks",
					"$(inherited)",
				);
				GCC_PREPROCESSOR_DEFINITIONS = (
					"DEBUG=1",
					"$(inherited)",
				);
				INFOPLIST_FILE = DynamicTableRowsTests/Info.plist;
				LD_RUNPATH_SEARCH_PATHS = "$(inherited) @executable_path/Frameworks @loader_path/Frameworks";
				PRODUCT_NAME = "$(TARGET_NAME)";
				TEST_HOST = "$(BUILT_PRODUCTS_DIR)/DynamicTableRows.app/DynamicTableRows";
			};
			name = Debug;
		};
		258664B01B6F435600BA1CE9 /* Release */ = {
			isa = XCBuildConfiguration;
			buildSettings = {
				BUNDLE_LOADER = "$(TEST_HOST)";
				FRAMEWORK_SEARCH_PATHS = (
					"$(SDKROOT)/Developer/Library/Frameworks",
					"$(inherited)",
				);
				INFOPLIST_FILE = DynamicTableRowsTests/Info.plist;
				LD_RUNPATH_SEARCH_PATHS = "$(inherited) @executable_path/Frameworks @loader_path/Frameworks";
				PRODUCT_NAME = "$(TARGET_NAME)";
				TEST_HOST = "$(BUILT_PRODUCTS_DIR)/DynamicTableRows.app/DynamicTableRows";
			};
			name = Release;
		};
/* End XCBuildConfiguration section */

/* Begin XCConfigurationList section */
		258664871B6F435600BA1CE9 /* Build configuration list for PBXProject "DynamicTableRows" */ = {
			isa = XCConfigurationList;
			buildConfigurations = (
				258664A91B6F435600BA1CE9 /* Debug */,
				258664AA1B6F435600BA1CE9 /* Release */,
			);
			defaultConfigurationIsVisible = 0;
			defaultConfigurationName = Release;
		};
		258664AB1B6F435600BA1CE9 /* Build configuration list for PBXNativeTarget "DynamicTableRows" */ = {
			isa = XCConfigurationList;
			buildConfigurations = (
				258664AC1B6F435600BA1CE9 /* Debug */,
				258664AD1B6F435600BA1CE9 /* Release */,
			);
			defaultConfigurationIsVisible = 0;
			defaultConfigurationName = Release;
		};
		258664AE1B6F435600BA1CE9 /* Build configuration list for PBXNativeTarget "DynamicTableRowsTests" */ = {
			isa = XCConfigurationList;
			buildConfigurations = (
				258664AF1B6F435600BA1CE9 /* Debug */,
				258664B01B6F435600BA1CE9 /* Release */,
			);
			defaultConfigurationIsVisible = 0;
			defaultConfigurationName = Release;
		};
/* End XCConfigurationList section */
	};
	rootObject = 258664841B6F435600BA1CE9 /* Project object */;
}
